
Microsoft Visual Studio Solution File, Format Version 12.00
# Visual Studio Version 17
VisualStudioVersion = 17.6.33829.357
MinimumVisualStudioVersion = 10.0.40219.1
Project("{2150E333-8FDC-42A3-9474-1A3956D46DE8}") = "src", "src", "{DB490B83-A779-4794-9A8E-EE8E50FF05BE}"
EndProject
Project("{9A19103F-16F7-4668-BE54-9A1E7A4F7556}") = "VNH.WebAPi", "VNH.WebAPi\VNH.WebAPi.csproj", "{1E62DEFC-208E-4341-A6B0-B740FAB2915B}"
EndProject
Project("{9A19103F-16F7-4668-BE54-9A1E7A4F7556}") = "VNH.Domain", "VNH.Domain\VNH.Domain.csproj", "{EA18D324-2F65-40B4-8E43-20EC88DAC209}"
EndProject
Project("{9A19103F-16F7-4668-BE54-9A1E7A4F7556}") = "VNH.Infrastructure", "VNH.Infrastructure\VNH.Infrastructure.csproj", "{B048DDCC-E84F-4BD5-8178-3CB45D50B58F}"
EndProject
Project("{9A19103F-16F7-4668-BE54-9A1E7A4F7556}") = "VNH.Application", "VNH.Application\VNH.Application.csproj", "{44617069-6A0D-4958-AF8D-69792E9E94F5}"
EndProject
Project("{FAE04EC0-301F-11D3-BF4B-00C04F79EFBC}") = "VNH.UnitTest", "VNH.UnitTest\VNH.UnitTest.csproj", "{BC906807-FC49-44A4-96DB-B3625997A0BF}"
EndProject
Global
	GlobalSection(SolutionConfigurationPlatforms) = preSolution
		Debug|Any CPU = Debug|Any CPU
		Release|Any CPU = Release|Any CPU
	EndGlobalSection
	GlobalSection(ProjectConfigurationPlatforms) = postSolution
		{1E62DEFC-208E-4341-A6B0-B740FAB2915B}.Debug|Any CPU.ActiveCfg = Debug|Any CPU
		{1E62DEFC-208E-4341-A6B0-B740FAB2915B}.Debug|Any CPU.Build.0 = Debug|Any CPU
		{1E62DEFC-208E-4341-A6B0-B740FAB2915B}.Release|Any CPU.ActiveCfg = Release|Any CPU
		{1E62DEFC-208E-4341-A6B0-B740FAB2915B}.Release|Any CPU.Build.0 = Release|Any CPU
		{EA18D324-2F65-40B4-8E43-20EC88DAC209}.Debug|Any CPU.ActiveCfg = Debug|Any CPU
		{EA18D324-2F65-40B4-8E43-20EC88DAC209}.Debug|Any CPU.Build.0 = Debug|Any CPU
		{EA18D324-2F65-40B4-8E43-20EC88DAC209}.Release|Any CPU.ActiveCfg = Release|Any CPU
		{EA18D324-2F65-40B4-8E43-20EC88DAC209}.Release|Any CPU.Build.0 = Release|Any CPU
		{B048DDCC-E84F-4BD5-8178-3CB45D50B58F}.Debug|Any CPU.ActiveCfg = Debug|Any CPU
		{B048DDCC-E84F-4BD5-8178-3CB45D50B58F}.Debug|Any CPU.Build.0 = Debug|Any CPU
		{B048DDCC-E84F-4BD5-8178-3CB45D50B58F}.Release|Any CPU.ActiveCfg = Release|Any CPU
		{B048DDCC-E84F-4BD5-8178-3CB45D50B58F}.Release|Any CPU.Build.0 = Release|Any CPU
		{44617069-6A0D-4958-AF8D-69792E9E94F5}.Debug|Any CPU.ActiveCfg = Debug|Any CPU
		{44617069-6A0D-4958-AF8D-69792E9E94F5}.Debug|Any CPU.Build.0 = Debug|Any CPU
		{44617069-6A0D-4958-AF8D-69792E9E94F5}.Release|Any CPU.ActiveCfg = Release|Any CPU
		{44617069-6A0D-4958-AF8D-69792E9E94F5}.Release|Any CPU.Build.0 = Release|Any CPU
		{BC906807-FC49-44A4-96DB-B3625997A0BF}.Debug|Any CPU.ActiveCfg = Debug|Any CPU
		{BC906807-FC49-44A4-96DB-B3625997A0BF}.Debug|Any CPU.Build.0 = Debug|Any CPU
		{BC906807-FC49-44A4-96DB-B3625997A0BF}.Release|Any CPU.ActiveCfg = Release|Any CPU
		{BC906807-FC49-44A4-96DB-B3625997A0BF}.Release|Any CPU.Build.0 = Release|Any CPU
	EndGlobalSection
	GlobalSection(SolutionProperties) = preSolution
		HideSolutionNode = FALSE
	EndGlobalSection
	GlobalSection(NestedProjects) = preSolution
		{1E62DEFC-208E-4341-A6B0-B740FAB2915B} = {DB490B83-A779-4794-9A8E-EE8E50FF05BE}
		{EA18D324-2F65-40B4-8E43-20EC88DAC209} = {DB490B83-A779-4794-9A8E-EE8E50FF05BE}
		{B048DDCC-E84F-4BD5-8178-3CB45D50B58F} = {DB490B83-A779-4794-9A8E-EE8E50FF05BE}
		{44617069-6A0D-4958-AF8D-69792E9E94F5} = {DB490B83-A779-4794-9A8E-EE8E50FF05BE}
		{BC906807-FC49-44A4-96DB-B3625997A0BF} = {DB490B83-A779-4794-9A8E-EE8E50FF05BE}
	EndGlobalSection
	GlobalSection(ExtensibilityGlobals) = postSolution
		SolutionGuid = {3A676664-0201-4D8B-8D9E-A42DB4F04ECC}
	EndGlobalSection
EndGlobal
