
Microsoft Visual Studio Solution File, Format Version 12.00
# Visual Studio Version 17
VisualStudioVersion = 17.6.33829.357
MinimumVisualStudioVersion = 10.0.40219.1
Project("{FAE04EC0-301F-11D3-BF4B-00C04F79EFBC}") = "VNH.PresentationLayer", "VNH.PresentationLayer\VNH.PresentationLayer.csproj", "{0E67C601-7BC4-4E2A-A77C-F390B7708ACF}"
EndProject
Project("{FAE04EC0-301F-11D3-BF4B-00C04F79EFBC}") = "VNH.BusinessLogicLayer", "VNH.BusinessLogicLayer\VNH.BusinessLogicLayer.csproj", "{AA1F619F-913F-4D7E-AA27-E1CCDFB1D9F9}"
EndProject
Project("{FAE04EC0-301F-11D3-BF4B-00C04F79EFBC}") = "VNH.DataAccessLayer", "VNH.DataAccessLayer\VNH.DataAccessLayer.csproj", "{0F6D5DE5-DE67-470B-9484-7F3247F95957}"
EndProject
Global
	GlobalSection(SolutionConfigurationPlatforms) = preSolution
		Debug|Any CPU = Debug|Any CPU
		Release|Any CPU = Release|Any CPU
	EndGlobalSection
	GlobalSection(ProjectConfigurationPlatforms) = postSolution
		{0E67C601-7BC4-4E2A-A77C-F390B7708ACF}.Debug|Any CPU.ActiveCfg = Debug|Any CPU
		{0E67C601-7BC4-4E2A-A77C-F390B7708ACF}.Debug|Any CPU.Build.0 = Debug|Any CPU
		{0E67C601-7BC4-4E2A-A77C-F390B7708ACF}.Release|Any CPU.ActiveCfg = Release|Any CPU
		{0E67C601-7BC4-4E2A-A77C-F390B7708ACF}.Release|Any CPU.Build.0 = Release|Any CPU
		{AA1F619F-913F-4D7E-AA27-E1CCDFB1D9F9}.Debug|Any CPU.ActiveCfg = Debug|Any CPU
		{AA1F619F-913F-4D7E-AA27-E1CCDFB1D9F9}.Debug|Any CPU.Build.0 = Debug|Any CPU
		{AA1F619F-913F-4D7E-AA27-E1CCDFB1D9F9}.Release|Any CPU.ActiveCfg = Release|Any CPU
		{AA1F619F-913F-4D7E-AA27-E1CCDFB1D9F9}.Release|Any CPU.Build.0 = Release|Any CPU
		{0F6D5DE5-DE67-470B-9484-7F3247F95957}.Debug|Any CPU.ActiveCfg = Debug|Any CPU
		{0F6D5DE5-DE67-470B-9484-7F3247F95957}.Debug|Any CPU.Build.0 = Debug|Any CPU
		{0F6D5DE5-DE67-470B-9484-7F3247F95957}.Release|Any CPU.ActiveCfg = Release|Any CPU
		{0F6D5DE5-DE67-470B-9484-7F3247F95957}.Release|Any CPU.Build.0 = Release|Any CPU
	EndGlobalSection
	GlobalSection(SolutionProperties) = preSolution
		HideSolutionNode = FALSE
	EndGlobalSection
	GlobalSection(ExtensibilityGlobals) = postSolution
		SolutionGuid = {3A676664-0201-4D8B-8D9E-A42DB4F04ECC}
	EndGlobalSection
EndGlobal
